
Microsoft Visual Studio Solution File, Format Version 12.00
# Visual Studio Version 17
VisualStudioVersion = 17.7.34031.279
MinimumVisualStudioVersion = 10.0.40219.1
Project("{9A19103F-16F7-4668-BE54-9A1E7A4F7556}") = "MagicVilla_VillaAPI", "MagicVilla_VillaAPI\MagicVilla_VillaAPI.csproj", "{CB43A64F-7606-4778-BB0D-ED27AF664383}"
EndProject
Project("{FAE04EC0-301F-11D3-BF4B-00C04F79EFBC}") = "MagicVilla_Web", "MagicVilla_Web\MagicVilla_Web.csproj", "{A97248E1-AE07-4765-861D-A7249932A444}"
EndProject
Global
	GlobalSection(SolutionConfigurationPlatforms) = preSolution
		Debug|Any CPU = Debug|Any CPU
		Release|Any CPU = Release|Any CPU
	EndGlobalSection
	GlobalSection(ProjectConfigurationPlatforms) = postSolution
		{CB43A64F-7606-4778-BB0D-ED27AF664383}.Debug|Any CPU.ActiveCfg = Debug|Any CPU
		{CB43A64F-7606-4778-BB0D-ED27AF664383}.Debug|Any CPU.Build.0 = Debug|Any CPU
		{CB43A64F-7606-4778-BB0D-ED27AF664383}.Release|Any CPU.ActiveCfg = Release|Any CPU
		{CB43A64F-7606-4778-BB0D-ED27AF664383}.Release|Any CPU.Build.0 = Release|Any CPU
		{A97248E1-AE07-4765-861D-A7249932A444}.Debug|Any CPU.ActiveCfg = Debug|Any CPU
		{A97248E1-AE07-4765-861D-A7249932A444}.Debug|Any CPU.Build.0 = Debug|Any CPU
		{A97248E1-AE07-4765-861D-A7249932A444}.Release|Any CPU.ActiveCfg = Release|Any CPU
		{A97248E1-AE07-4765-861D-A7249932A444}.Release|Any CPU.Build.0 = Release|Any CPU
	EndGlobalSection
	GlobalSection(SolutionProperties) = preSolution
		HideSolutionNode = FALSE
	EndGlobalSection
	GlobalSection(ExtensibilityGlobals) = postSolution
		SolutionGuid = {71AC296D-BCE0-49C3-BB91-91D24D0FF9FD}
	EndGlobalSection
EndGlobal
